
Microsoft Visual Studio Solution File, Format Version 12.00
Project("{FAE04EC0-301F-11D3-BF4B-00C04F79EFBC}") = "HM_12", "HM_12\HM_12.csproj", "{78C7FA02-191B-4E5A-BF1B-3784A551753F}"
EndProject
Global
	GlobalSection(SolutionConfigurationPlatforms) = preSolution
		Debug|Any CPU = Debug|Any CPU
		Release|Any CPU = Release|Any CPU
	EndGlobalSection
	GlobalSection(ProjectConfigurationPlatforms) = postSolution
		{78C7FA02-191B-4E5A-BF1B-3784A551753F}.Debug|Any CPU.ActiveCfg = Debug|Any CPU
		{78C7FA02-191B-4E5A-BF1B-3784A551753F}.Debug|Any CPU.Build.0 = Debug|Any CPU
		{78C7FA02-191B-4E5A-BF1B-3784A551753F}.Release|Any CPU.ActiveCfg = Release|Any CPU
		{78C7FA02-191B-4E5A-BF1B-3784A551753F}.Release|Any CPU.Build.0 = Release|Any CPU
	EndGlobalSection
EndGlobal
